
Microsoft Visual Studio Solution File, Format Version 12.00
# Visual Studio Version 17
VisualStudioVersion = 17.5.002.0
MinimumVisualStudioVersion = 10.0.40219.1
Project("{2150E333-8FDC-42A3-9474-1A3956D46DE8}") = "WeatherAPI", "WeatherAPI", "{D5A6B927-79A7-4271-9531-708ADFD61293}"
EndProject
Project("{9A19103F-16F7-4668-BE54-9A1E7A4F7556}") = "WeatherConsole", "WeatherAPI\WeatherConsole\WeatherConsole.csproj", "{79EB5307-2798-4A01-9549-64C7B6B8CD82}"
EndProject
Project("{9A19103F-16F7-4668-BE54-9A1E7A4F7556}") = "WeatherApi", "WeatherAPI\WeatherApi\WeatherApi.csproj", "{8AD66E9D-B8BB-4E0E-B3B6-7732B8F41FBB}"
EndProject
Global
	GlobalSection(SolutionConfigurationPlatforms) = preSolution
		Debug|Any CPU = Debug|Any CPU
		Release|Any CPU = Release|Any CPU
	EndGlobalSection
	GlobalSection(ProjectConfigurationPlatforms) = postSolution
		{79EB5307-2798-4A01-9549-64C7B6B8CD82}.Debug|Any CPU.ActiveCfg = Debug|Any CPU
		{79EB5307-2798-4A01-9549-64C7B6B8CD82}.Debug|Any CPU.Build.0 = Debug|Any CPU
		{79EB5307-2798-4A01-9549-64C7B6B8CD82}.Release|Any CPU.ActiveCfg = Release|Any CPU
		{79EB5307-2798-4A01-9549-64C7B6B8CD82}.Release|Any CPU.Build.0 = Release|Any CPU
		{8AD66E9D-B8BB-4E0E-B3B6-7732B8F41FBB}.Debug|Any CPU.ActiveCfg = Debug|Any CPU
		{8AD66E9D-B8BB-4E0E-B3B6-7732B8F41FBB}.Debug|Any CPU.Build.0 = Debug|Any CPU
		{8AD66E9D-B8BB-4E0E-B3B6-7732B8F41FBB}.Release|Any CPU.ActiveCfg = Release|Any CPU
		{8AD66E9D-B8BB-4E0E-B3B6-7732B8F41FBB}.Release|Any CPU.Build.0 = Release|Any CPU
	EndGlobalSection
	GlobalSection(SolutionProperties) = preSolution
		HideSolutionNode = FALSE
	EndGlobalSection
	GlobalSection(NestedProjects) = preSolution
		{79EB5307-2798-4A01-9549-64C7B6B8CD82} = {D5A6B927-79A7-4271-9531-708ADFD61293}
		{8AD66E9D-B8BB-4E0E-B3B6-7732B8F41FBB} = {D5A6B927-79A7-4271-9531-708ADFD61293}
	EndGlobalSection
	GlobalSection(ExtensibilityGlobals) = postSolution
		SolutionGuid = {4EB5B331-2805-4AB1-9F48-50126ECA419C}
	EndGlobalSection
EndGlobal
